{
  "name": "ipfs-cid-tutorial",
  "version": "1.0.0",
  "lockfileVersion": 3,
  "requires": true,
  "packages": {
    "": {
      "name": "ipfs-cid-tutorial",
      "version": "1.0.0",
      "license": "ISC",
      "dependencies": {
        "@ipld/car": "^5.3.0",
        "@ipld/dag-json": "^10.1.7",
        "@ipld/dag-pb": "^4.0.8",
        "@multiformats/sha3": "^3.0.2",
        "ajv": "^8.12.0",
        "ajv-formats": "^2.1.1",
        "crypto": "^1.0.1",
        "ipfs-unixfs-exporter": "^13.5.0",
        "multiformats": "^13.0.1"
      }
    },
    "node_modules/@ipld/car": {
      "version": "5.3.0",
      "resolved": "https://registry.npmjs.org/@ipld/car/-/car-5.3.0.tgz",
      "integrity": "sha512-OB8LVvJeVAFFGluNIkZeDZ/aGeoekFKsuIvNT9I5sJIb5WekQuW5+lekjQ7Z7mZ7DBKuke/kI4jBT1j0/akU1w==",
      "dependencies": {
        "@ipld/dag-cbor": "^9.0.7",
        "cborg": "^4.0.5",
        "multiformats": "^13.0.0",
        "varint": "^6.0.0"
      },
      "engines": {
        "node": ">=16.0.0",
        "npm": ">=7.0.0"
      }
    },
    "node_modules/@ipld/dag-cbor": {
      "version": "9.2.0",
      "resolved": "https://registry.npmjs.org/@ipld/dag-cbor/-/dag-cbor-9.2.0.tgz",
      "integrity": "sha512-N14oMy0q4gM6OuZkIpisKe0JBSjf1Jb39VI+7jMLiWX9124u1Z3Fdj/Tag1NA0cVxxqWDh0CqsjcVfOKtelPDA==",
      "dependencies": {
        "cborg": "^4.0.0",
        "multiformats": "^13.1.0"
      },
      "engines": {
        "node": ">=16.0.0",
        "npm": ">=7.0.0"
      }
    },
    "node_modules/@ipld/dag-json": {
      "version": "10.1.7",
      "resolved": "https://registry.npmjs.org/@ipld/dag-json/-/dag-json-10.1.7.tgz",
      "integrity": "sha512-ipraTPMA40sZAtUYwFvjHeQjReDJXWI8V3lrOeyedKxMb9rOOCS0B7eodRoWM3RIS2qMqtnu1oZr8kP+QJEN0Q==",
      "dependencies": {
        "cborg": "^4.0.0",
        "multiformats": "^13.0.0"
      },
      "engines": {
        "node": ">=16.0.0",
        "npm": ">=7.0.0"
      }
    },
    "node_modules/@ipld/dag-pb": {
      "version": "4.0.8",
      "resolved": "https://registry.npmjs.org/@ipld/dag-pb/-/dag-pb-4.0.8.tgz",
      "integrity": "sha512-693AqMY2jvhe+w4jSwjnDrbhxIu39gm1H4f6/KD5gG+6VFMM6EXV7vq85BvEf8CRsnA0+auWfA29/S8gbWI0Ew==",
      "dependencies": {
        "multiformats": "^13.0.0"
      },
      "engines": {
        "node": ">=16.0.0",
        "npm": ">=7.0.0"
      }
    },
    "node_modules/@multiformats/murmur3": {
      "version": "2.1.8",
      "resolved": "https://registry.npmjs.org/@multiformats/murmur3/-/murmur3-2.1.8.tgz",
      "integrity": "sha512-6vId1C46ra3R1sbJUOFCZnsUIveR9oF20yhPmAFxPm0JfrX3/ZRCgP3YDrBzlGoEppOXnA9czHeYc0T9mB6hbA==",
      "dependencies": {
        "multiformats": "^13.0.0",
        "murmurhash3js-revisited": "^3.0.0"
      },
      "engines": {
        "node": ">=16.0.0",
        "npm": ">=7.0.0"
      }
    },
    "node_modules/@multiformats/sha3": {
      "version": "3.0.2",
      "resolved": "https://registry.npmjs.org/@multiformats/sha3/-/sha3-3.0.2.tgz",
      "integrity": "sha512-fBxODTXa1sOWYB9q6GSFe2HYSVwMEdnPa7c7FgNhr/rMFQ2HGtwmRppTm317HSpGSTUkoTvyKQDNcteJEGU+bg==",
      "dependencies": {
        "js-sha3": "^0.9.1",
        "multiformats": "^13.0.0"
      }
    },
    "node_modules/ajv": {
      "version": "8.12.0",
      "resolved": "https://registry.npmjs.org/ajv/-/ajv-8.12.0.tgz",
      "integrity": "sha512-sRu1kpcO9yLtYxBKvqfTeh9KzZEwO3STyX1HT+4CaDzC6HpTGYhIhPIzj9XuKU7KYDwnaeh5hcOwjy1QuJzBPA==",
      "dependencies": {
        "fast-deep-equal": "^3.1.1",
        "json-schema-traverse": "^1.0.0",
        "require-from-string": "^2.0.2",
        "uri-js": "^4.2.2"
      },
      "funding": {
        "type": "github",
        "url": "https://github.com/sponsors/epoberezkin"
      }
    },
    "node_modules/ajv-formats": {
      "version": "2.1.1",
      "resolved": "https://registry.npmjs.org/ajv-formats/-/ajv-formats-2.1.1.tgz",
      "integrity": "sha512-Wx0Kx52hxE7C18hkMEggYlEifqWZtYaRgouJor+WMdPnQyEK13vgEWyVNup7SoeeoLMsr4kf5h6dOW11I15MUA==",
      "dependencies": {
        "ajv": "^8.0.0"
      },
      "peerDependencies": {
        "ajv": "^8.0.0"
      },
      "peerDependenciesMeta": {
        "ajv": {
          "optional": true
        }
      }
    },
    "node_modules/cborg": {
      "version": "4.0.7",
      "resolved": "https://registry.npmjs.org/cborg/-/cborg-4.0.7.tgz",
      "integrity": "sha512-5h2n7973T4dkY2XLfHpwYR9IjeDSfolZibYtb8clW53BvvgTyq+X2EtwrjfhTAETrwaQOX4+lRua14/XjbZHaQ==",
      "bin": {
        "cborg": "lib/bin.js"
      }
    },
    "node_modules/crypto": {
      "version": "1.0.1",
      "resolved": "https://registry.npmjs.org/crypto/-/crypto-1.0.1.tgz",
      "integrity": "sha512-VxBKmeNcqQdiUQUW2Tzq0t377b54N2bMtXO/qiLa+6eRRmmC4qT3D4OnTGoT/U6O9aklQ/jTwbOtRMTTY8G0Ig==",
      "deprecated": "This package is no longer supported. It's now a built-in Node module. If you've depended on crypto, you should switch to the one that's built-in."
    },
    "node_modules/err-code": {
      "version": "3.0.1",
      "resolved": "https://registry.npmjs.org/err-code/-/err-code-3.0.1.tgz",
      "integrity": "sha512-GiaH0KJUewYok+eeY05IIgjtAe4Yltygk9Wqp1V5yVWLdhf0hYZchRjNIT9bb0mSwRcIusT3cx7PJUf3zEIfUA=="
    },
    "node_modules/eventemitter3": {
      "version": "5.0.1",
      "resolved": "https://registry.npmjs.org/eventemitter3/-/eventemitter3-5.0.1.tgz",
      "integrity": "sha512-GWkBvjiSZK87ELrYOSESUYeVIc9mvLLf/nXalMOS5dYrgZq9o5OVkbZAVM06CVxYsCwH9BDZFPlQTlPA1j4ahA=="
    },
    "node_modules/fast-deep-equal": {
      "version": "3.1.3",
      "resolved": "https://registry.npmjs.org/fast-deep-equal/-/fast-deep-equal-3.1.3.tgz",
      "integrity": "sha512-f3qQ9oQy9j2AhBe/H9VC91wLmKBCCU/gDOnKNAYG5hswO7BLKj09Hc5HYNz9cGI++xlpDCIgDaitVs03ATR84Q=="
    },
    "node_modules/hamt-sharding": {
      "version": "3.0.6",
      "resolved": "https://registry.npmjs.org/hamt-sharding/-/hamt-sharding-3.0.6.tgz",
      "integrity": "sha512-nZeamxfymIWLpVcAN0CRrb7uVq3hCOGj9IcL6NMA6VVCVWqj+h9Jo/SmaWuS92AEDf1thmHsM5D5c70hM3j2Tg==",
      "dependencies": {
        "sparse-array": "^1.3.1",
        "uint8arrays": "^5.0.1"
      }
    },
    "node_modules/interface-blockstore": {
      "version": "5.2.10",
      "resolved": "https://registry.npmjs.org/interface-blockstore/-/interface-blockstore-5.2.10.tgz",
      "integrity": "sha512-9K48hTvBCGsKVD3pF4ILgDcf+W2P/gq0oxLcsHGB6E6W6nDutYkzR+7k7bCs9REHrBEfKzcVDEKieiuNM9WRZg==",
      "dependencies": {
        "interface-store": "^5.0.0",
        "multiformats": "^13.0.1"
      }
    },
    "node_modules/interface-store": {
      "version": "5.1.8",
      "resolved": "https://registry.npmjs.org/interface-store/-/interface-store-5.1.8.tgz",
      "integrity": "sha512-7na81Uxkl0vqk0CBPO5PvyTkdaJBaezwUJGsMOz7riPOq0rJt+7W31iaopaMICWea/iykUsvNlPx/Tc+MxC3/w=="
    },
    "node_modules/ipfs-unixfs": {
      "version": "11.1.4",
      "resolved": "https://registry.npmjs.org/ipfs-unixfs/-/ipfs-unixfs-11.1.4.tgz",
      "integrity": "sha512-RE4nyx5qgG2w7JOLj0Y0D7SfAR1ZkEdramNaBx0OSD4DlQ2Y2NORgc4FHfej3Pgy31v+QISDVP1pQJhdv3bUUg==",
      "dependencies": {
        "err-code": "^3.0.1",
        "protons-runtime": "^5.4.0",
        "uint8arraylist": "^2.4.8"
      }
    },
    "node_modules/ipfs-unixfs-exporter": {
      "version": "13.5.0",
      "resolved": "https://registry.npmjs.org/ipfs-unixfs-exporter/-/ipfs-unixfs-exporter-13.5.0.tgz",
      "integrity": "sha512-s1eWXzoyhQFNEAB1p+QE3adjhW+lBdgpORmmjiCLiruHs5z7T5zsAgRVcWpM8LWYhq2flRtJHObb7Hg73J+oLQ==",
      "dependencies": {
        "@ipld/dag-cbor": "^9.0.0",
        "@ipld/dag-json": "^10.1.7",
        "@ipld/dag-pb": "^4.0.0",
        "@multiformats/murmur3": "^2.0.0",
        "err-code": "^3.0.1",
        "hamt-sharding": "^3.0.0",
        "interface-blockstore": "^5.0.0",
        "ipfs-unixfs": "^11.0.0",
        "it-filter": "^3.0.2",
        "it-last": "^3.0.2",
        "it-map": "^3.0.3",
        "it-parallel": "^3.0.0",
        "it-pipe": "^3.0.1",
        "it-pushable": "^3.1.0",
        "multiformats": "^13.0.0",
        "p-queue": "^8.0.1",
        "progress-events": "^1.0.0"
      }
    },
    "node_modules/it-filter": {
      "version": "3.1.0",
      "resolved": "https://registry.npmjs.org/it-filter/-/it-filter-3.1.0.tgz",
      "integrity": "sha512-FiYuzdsUhmMZJTJQ8YLdgX3ArjQmAtCG1lyrtZd+92/2eC6YO9UoybdrwVj/yyZkuXAPykrSipLuZ+KSKpt29A==",
      "dependencies": {
        "it-peekable": "^3.0.0"
      }
    },
    "node_modules/it-last": {
      "version": "3.0.6",
      "resolved": "https://registry.npmjs.org/it-last/-/it-last-3.0.6.tgz",
      "integrity": "sha512-M4/get95O85u2vWvWQinF8SJUc/RPC5bWTveBTYXvlP2q5TF9Y+QhT3nz+CRCyS2YEc66VJkyl/da6WrJ0wKhw=="
    },
    "node_modules/it-map": {
      "version": "3.1.0",
      "resolved": "https://registry.npmjs.org/it-map/-/it-map-3.1.0.tgz",
      "integrity": "sha512-B7zNmHYRE0qes8oTiNYU7jXEF5WvKZNAUosskCks1JT9Z4DNwRClrQyd+C/hgITG8ewDbVZMGx9VXAx3KMY2kA==",
      "dependencies": {
        "it-peekable": "^3.0.0"
      }
    },
    "node_modules/it-merge": {
      "version": "3.0.5",
      "resolved": "https://registry.npmjs.org/it-merge/-/it-merge-3.0.5.tgz",
      "integrity": "sha512-2l7+mPf85pyRF5pqi0dKcA54E5Jm/2FyY5GsOaN51Ta0ipC7YZ3szuAsH8wOoB6eKY4XsU4k2X+mzPmFBMayEA==",
      "dependencies": {
        "it-pushable": "^3.2.3"
      }
    },
    "node_modules/it-parallel": {
      "version": "3.0.7",
      "resolved": "https://registry.npmjs.org/it-parallel/-/it-parallel-3.0.7.tgz",
      "integrity": "sha512-aIIc2t8knfER/mQu4uEHaAYZrnj/2Tdp+Vj6BA94Gi7xghx1kblvpyrLkCYO9K+eDyPS1cE3Vfhh9a20MEmzXA==",
      "dependencies": {
        "p-defer": "^4.0.1"
      }
    },
    "node_modules/it-peekable": {
      "version": "3.0.4",
      "resolved": "https://registry.npmjs.org/it-peekable/-/it-peekable-3.0.4.tgz",
      "integrity": "sha512-Bb4xyMX5xAveFyh9ySbCrHMCpIF0+fIbl+0ZkcxP94JVofLe5j/mSBK0gjrrISsSVURVyey8X4L/IqrekOxjiA=="
    },
    "node_modules/it-pipe": {
      "version": "3.0.1",
      "resolved": "https://registry.npmjs.org/it-pipe/-/it-pipe-3.0.1.tgz",
      "integrity": "sha512-sIoNrQl1qSRg2seYSBH/3QxWhJFn9PKYvOf/bHdtCBF0bnghey44VyASsWzn5dAx0DCDDABq1hZIuzKmtBZmKA==",
      "dependencies": {
        "it-merge": "^3.0.0",
        "it-pushable": "^3.1.2",
        "it-stream-types": "^2.0.1"
      },
      "engines": {
        "node": ">=16.0.0",
        "npm": ">=7.0.0"
      }
    },
    "node_modules/it-pushable": {
      "version": "3.2.3",
      "resolved": "https://registry.npmjs.org/it-pushable/-/it-pushable-3.2.3.tgz",
      "integrity": "sha512-gzYnXYK8Y5t5b/BnJUr7glfQLO4U5vyb05gPx/TyTw+4Bv1zM9gFk4YsOrnulWefMewlphCjKkakFvj1y99Tcg==",
      "dependencies": {
        "p-defer": "^4.0.0"
      }
    },
    "node_modules/it-stream-types": {
      "version": "2.0.1",
      "resolved": "https://registry.npmjs.org/it-stream-types/-/it-stream-types-2.0.1.tgz",
      "integrity": "sha512-6DmOs5r7ERDbvS4q8yLKENcj6Yecr7QQTqWApbZdfAUTEC947d+PEha7PCqhm//9oxaLYL7TWRekwhoXl2s6fg==",
      "engines": {
        "node": ">=16.0.0",
        "npm": ">=7.0.0"
      }
    },
    "node_modules/js-sha3": {
      "version": "0.9.3",
      "resolved": "https://registry.npmjs.org/js-sha3/-/js-sha3-0.9.3.tgz",
      "integrity": "sha512-BcJPCQeLg6WjEx3FE591wVAevlli8lxsxm9/FzV4HXkV49TmBH38Yvrpce6fjbADGMKFrBMGTqrVz3qPIZ88Gg=="
    },
    "node_modules/json-schema-traverse": {
      "version": "1.0.0",
      "resolved": "https://registry.npmjs.org/json-schema-traverse/-/json-schema-traverse-1.0.0.tgz",
      "integrity": "sha512-NM8/P9n3XjXhIZn1lLhkFaACTOURQXjWhV4BA/RnOv8xvgqtqpAX9IO4mRQxSx1Rlo4tqzeqb0sOlruaOy3dug=="
    },
    "node_modules/multiformats": {
      "version": "13.1.0",
      "resolved": "https://registry.npmjs.org/multiformats/-/multiformats-13.1.0.tgz",
      "integrity": "sha512-HzdtdBwxsIkzpeXzhQ5mAhhuxcHbjEHH+JQoxt7hG/2HGFjjwyolLo7hbaexcnhoEuV4e0TNJ8kkpMjiEYY4VQ=="
    },
    "node_modules/murmurhash3js-revisited": {
      "version": "3.0.0",
      "resolved": "https://registry.npmjs.org/murmurhash3js-revisited/-/murmurhash3js-revisited-3.0.0.tgz",
      "integrity": "sha512-/sF3ee6zvScXMb1XFJ8gDsSnY+X8PbOyjIuBhtgis10W2Jx4ZjIhikUCIF9c4gpJxVnQIsPAFrSwTCuAjicP6g==",
      "engines": {
        "node": ">=8.0.0"
      }
    },
    "node_modules/p-defer": {
      "version": "4.0.1",
      "resolved": "https://registry.npmjs.org/p-defer/-/p-defer-4.0.1.tgz",
      "integrity": "sha512-Mr5KC5efvAK5VUptYEIopP1bakB85k2IWXaRC0rsh1uwn1L6M0LVml8OIQ4Gudg4oyZakf7FmeRLkMMtZW1i5A==",
      "engines": {
        "node": ">=12"
      },
      "funding": {
        "url": "https://github.com/sponsors/sindresorhus"
      }
    },
    "node_modules/p-queue": {
      "version": "8.0.1",
      "resolved": "https://registry.npmjs.org/p-queue/-/p-queue-8.0.1.tgz",
      "integrity": "sha512-NXzu9aQJTAzbBqOt2hwsR63ea7yvxJc0PwN/zobNAudYfb1B7R08SzB4TsLeSbUCuG467NhnoT0oO6w1qRO+BA==",
      "dependencies": {
        "eventemitter3": "^5.0.1",
        "p-timeout": "^6.1.2"
      },
      "engines": {
        "node": ">=18"
      },
      "funding": {
        "url": "https://github.com/sponsors/sindresorhus"
      }
    },
    "node_modules/p-timeout": {
      "version": "6.1.2",
      "resolved": "https://registry.npmjs.org/p-timeout/-/p-timeout-6.1.2.tgz",
      "integrity": "sha512-UbD77BuZ9Bc9aABo74gfXhNvzC9Tx7SxtHSh1fxvx3jTLLYvmVhiQZZrJzqqU0jKbN32kb5VOKiLEQI/3bIjgQ==",
      "engines": {
        "node": ">=14.16"
      },
      "funding": {
        "url": "https://github.com/sponsors/sindresorhus"
      }
    },
    "node_modules/progress-events": {
      "version": "1.0.0",
      "resolved": "https://registry.npmjs.org/progress-events/-/progress-events-1.0.0.tgz",
      "integrity": "sha512-zIB6QDrSbPfRg+33FZalluFIowkbV5Xh1xSuetjG+rlC5he6u2dc6VQJ0TbMdlN3R1RHdpOqxEFMKTnQ+itUwA==",
      "engines": {
        "node": ">=16.0.0",
        "npm": ">=7.0.0"
      }
    },
    "node_modules/protons-runtime": {
      "version": "5.4.0",
      "resolved": "https://registry.npmjs.org/protons-runtime/-/protons-runtime-5.4.0.tgz",
      "integrity": "sha512-XfA++W/WlQOSyjUyuF5lgYBfXZUEMP01Oh1C2dSwZAlF2e/ZrMRPfWonXj6BGM+o8Xciv7w0tsRMKYwYEuQvaw==",
      "dependencies": {
        "uint8-varint": "^2.0.2",
        "uint8arraylist": "^2.4.3",
        "uint8arrays": "^5.0.1"
      }
    },
    "node_modules/punycode": {
      "version": "2.3.1",
      "resolved": "https://registry.npmjs.org/punycode/-/punycode-2.3.1.tgz",
      "integrity": "sha512-vYt7UD1U9Wg6138shLtLOvdAu+8DsC/ilFtEVHcH+wydcSpNE20AfSOduf6MkRFahL5FY7X1oU7nKVZFtfq8Fg==",
      "engines": {
        "node": ">=6"
      }
    },
    "node_modules/require-from-string": {
      "version": "2.0.2",
      "resolved": "https://registry.npmjs.org/require-from-string/-/require-from-string-2.0.2.tgz",
      "integrity": "sha512-Xf0nWe6RseziFMu+Ap9biiUbmplq6S9/p+7w7YXP/JBHhrUDDUhwa+vANyubuqfZWTveU//DYVGsDG7RKL/vEw==",
      "engines": {
        "node": ">=0.10.0"
      }
    },
    "node_modules/sparse-array": {
      "version": "1.3.2",
      "resolved": "https://registry.npmjs.org/sparse-array/-/sparse-array-1.3.2.tgz",
      "integrity": "sha512-ZT711fePGn3+kQyLuv1fpd3rNSkNF8vd5Kv2D+qnOANeyKs3fx6bUMGWRPvgTTcYV64QMqZKZwcuaQSP3AZ0tg=="
    },
    "node_modules/uint8-varint": {
      "version": "2.0.4",
      "resolved": "https://registry.npmjs.org/uint8-varint/-/uint8-varint-2.0.4.tgz",
      "integrity": "sha512-FwpTa7ZGA/f/EssWAb5/YV6pHgVF1fViKdW8cWaEarjB8t7NyofSWBdOTyFPaGuUG4gx3v1O3PQ8etsiOs3lcw==",
      "dependencies": {
        "uint8arraylist": "^2.0.0",
        "uint8arrays": "^5.0.0"
      }
    },
    "node_modules/uint8arraylist": {
      "version": "2.4.8",
      "resolved": "https://registry.npmjs.org/uint8arraylist/-/uint8arraylist-2.4.8.tgz",
      "integrity": "sha512-vc1PlGOzglLF0eae1M8mLRTBivsvrGsdmJ5RbK3e+QRvRLOZfZhQROTwH/OfyF3+ZVUg9/8hE8bmKP2CvP9quQ==",
      "dependencies": {
        "uint8arrays": "^5.0.1"
      }
    },
    "node_modules/uint8arrays": {
      "version": "5.1.0",
      "resolved": "https://registry.npmjs.org/uint8arrays/-/uint8arrays-5.1.0.tgz",
      "integrity": "sha512-vA6nFepEmlSKkMBnLBaUMVvAC4G3CTmO58C12y4sq6WPDOR7mOFYOi7GlrQ4djeSbP6JG9Pv9tJDM97PedRSww==",
      "dependencies": {
        "multiformats": "^13.0.0"
      }
    },
    "node_modules/uri-js": {
      "version": "4.4.1",
      "resolved": "https://registry.npmjs.org/uri-js/-/uri-js-4.4.1.tgz",
      "integrity": "sha512-7rKUyy33Q1yc98pQ1DAmLtwX109F7TIfWlW1Ydo8Wl1ii1SeHieeh0HHfPeL2fMXK6z0s8ecKs9frCuLJvndBg==",
      "dependencies": {
        "punycode": "^2.1.0"
      }
    },
    "node_modules/varint": {
      "version": "6.0.0",
      "resolved": "https://registry.npmjs.org/varint/-/varint-6.0.0.tgz",
      "integrity": "sha512-cXEIW6cfr15lFv563k4GuVuW/fiwjknytD37jIOLSdSWuOI6WnO/oKwmP2FQTU2l01LP8/M5TSAJpzUaGe3uWg=="
    }
  }
}
